
Microsoft Visual Studio Solution File, Format Version 12.00
# Visual Studio Version 17
VisualStudioVersion = 17.3.32804.467
MinimumVisualStudioVersion = 10.0.40219.1
Project("{FAE04EC0-301F-11D3-BF4B-00C04F79EFBC}") = "Project", "Project\Project.csproj", "{421B655F-108D-4391-A045-191032E02EAC}"
	ProjectSection(ProjectDependencies) = postProject
		{AA8BC88A-000C-4491-B454-6D1EADB7351A} = {AA8BC88A-000C-4491-B454-6D1EADB7351A}
	EndProjectSection
EndProject
Project("{FAE04EC0-301F-11D3-BF4B-00C04F79EFBC}") = "ClassLibrary1", "ClassLibrary1\ClassLibrary1.csproj", "{AA8BC88A-000C-4491-B454-6D1EADB7351A}"
EndProject
Global
	GlobalSection(SolutionConfigurationPlatforms) = preSolution
		Debug|Any CPU = Debug|Any CPU
		Release|Any CPU = Release|Any CPU
	EndGlobalSection
	GlobalSection(ProjectConfigurationPlatforms) = postSolution
		{421B655F-108D-4391-A045-191032E02EAC}.Debug|Any CPU.ActiveCfg = Debug|Any CPU
		{421B655F-108D-4391-A045-191032E02EAC}.Debug|Any CPU.Build.0 = Debug|Any CPU
		{421B655F-108D-4391-A045-191032E02EAC}.Release|Any CPU.ActiveCfg = Release|Any CPU
		{421B655F-108D-4391-A045-191032E02EAC}.Release|Any CPU.Build.0 = Release|Any CPU
		{AA8BC88A-000C-4491-B454-6D1EADB7351A}.Debug|Any CPU.ActiveCfg = Debug|Any CPU
		{AA8BC88A-000C-4491-B454-6D1EADB7351A}.Debug|Any CPU.Build.0 = Debug|Any CPU
		{AA8BC88A-000C-4491-B454-6D1EADB7351A}.Release|Any CPU.ActiveCfg = Release|Any CPU
		{AA8BC88A-000C-4491-B454-6D1EADB7351A}.Release|Any CPU.Build.0 = Release|Any CPU
	EndGlobalSection
	GlobalSection(SolutionProperties) = preSolution
		HideSolutionNode = FALSE
	EndGlobalSection
	GlobalSection(ExtensibilityGlobals) = postSolution
		SolutionGuid = {4F93FB69-265D-4ABC-8ADA-BD8E1F642DF8}
	EndGlobalSection
EndGlobal
